
Microsoft Visual Studio Solution File, Format Version 12.00
# Visual Studio Version 17
VisualStudioVersion = 17.10.35013.160
MinimumVisualStudioVersion = 10.0.40219.1
Project("{9A19103F-16F7-4668-BE54-9A1E7A4F7556}") = "Greeter", "Greeter\Greeter.csproj", "{DF03E74A-0504-4BAB-9177-EC78423386FF}"
EndProject
Project("{2150E333-8FDC-42A3-9474-1A3956D46DE8}") = "Shared", "Shared", "{FE4635FE-84C9-4F4D-B6C9-572321FE0E44}"
EndProject
Project("{9A19103F-16F7-4668-BE54-9A1E7A4F7556}") = "BusinessLogic", "BusinessLogic\BusinessLogic.csproj", "{4494B694-3173-4A36-AE85-1D97A319D92E}"
EndProject
Project("{9A19103F-16F7-4668-BE54-9A1E7A4F7556}") = "BusinessLogic.Test", "BusinessLogic.Test\BusinessLogic.Test.csproj", "{C6C0118E-D0FA-4430-883E-A3A34B81E093}"
EndProject
Project("{9A19103F-16F7-4668-BE54-9A1E7A4F7556}") = "HelloIoC", "HelloIoC\HelloIoC.csproj", "{26CEE71A-A2CB-4ED3-9D4C-E26149A6FEC1}"
EndProject
Project("{9A19103F-16F7-4668-BE54-9A1E7A4F7556}") = "DemoMvcApp", "DemoMvcApp\DemoMvcApp.csproj", "{D57F7F71-93B3-4663-B233-AAEEE629B358}"
EndProject
Project("{2150E333-8FDC-42A3-9474-1A3956D46DE8}") = "Labs", "Labs", "{B2DAD353-E379-4B4E-A92B-FCD3FDBC995D}"
EndProject
Project("{9A19103F-16F7-4668-BE54-9A1E7A4F7556}") = "MovieStore", "MovieStore\MovieStore.csproj", "{75ED0ED3-0053-4E14-BE63-8BDAC5EAEF73}"
EndProject
Project("{9A19103F-16F7-4668-BE54-9A1E7A4F7556}") = "MovieMvcApp", "MovieMvcApp\MovieMvcApp.csproj", "{1347EDE8-6D51-4295-9044-17736C81F662}"
EndProject
Project("{2150E333-8FDC-42A3-9474-1A3956D46DE8}") = "M001", "M001", "{443EE884-7BE0-4ABC-B908-E795AC1D6D57}"
EndProject
Project("{2150E333-8FDC-42A3-9474-1A3956D46DE8}") = "M002", "M002", "{29EC6B5E-2C97-474F-B2FD-AC9F838D357F}"
EndProject
Project("{9A19103F-16F7-4668-BE54-9A1E7A4F7556}") = "DemoRazorApp", "DemoRazorApp\DemoRazorApp.csproj", "{980836B5-01EF-4578-8351-450FC37B0549}"
EndProject
Project("{2150E333-8FDC-42A3-9474-1A3956D46DE8}") = "M004", "M004", "{C106A6E6-0F58-4D52-8CC7-738F619923AF}"
EndProject
Project("{2150E333-8FDC-42A3-9474-1A3956D46DE8}") = "M003+Current", "M003+Current", "{90BAD033-AA60-49D4-9D78-3C2EAD5A98A9}"
EndProject
Project("{FAE04EC0-301F-11D3-BF4B-00C04F79EFBC}") = "Lab002_DependencyInjection", "Lab002_DependencyInjection\Lab002_DependencyInjection.csproj", "{6B830737-4F3E-4777-9F84-5F3E74A7FEB6}"
EndProject
Project("{2150E333-8FDC-42A3-9474-1A3956D46DE8}") = "M006", "M006", "{C8636B50-7432-4EEB-9629-991010EA5E30}"
EndProject
Project("{FAE04EC0-301F-11D3-BF4B-00C04F79EFBC}") = "FileServer", "FileServer\FileServer.csproj", "{15278764-F1D0-470B-BF81-FCF6B24459F8}"
EndProject
Global
	GlobalSection(SolutionConfigurationPlatforms) = preSolution
		Debug|Any CPU = Debug|Any CPU
		Release|Any CPU = Release|Any CPU
	EndGlobalSection
	GlobalSection(ProjectConfigurationPlatforms) = postSolution
		{DF03E74A-0504-4BAB-9177-EC78423386FF}.Debug|Any CPU.ActiveCfg = Debug|Any CPU
		{DF03E74A-0504-4BAB-9177-EC78423386FF}.Debug|Any CPU.Build.0 = Debug|Any CPU
		{DF03E74A-0504-4BAB-9177-EC78423386FF}.Release|Any CPU.ActiveCfg = Release|Any CPU
		{DF03E74A-0504-4BAB-9177-EC78423386FF}.Release|Any CPU.Build.0 = Release|Any CPU
		{4494B694-3173-4A36-AE85-1D97A319D92E}.Debug|Any CPU.ActiveCfg = Debug|Any CPU
		{4494B694-3173-4A36-AE85-1D97A319D92E}.Debug|Any CPU.Build.0 = Debug|Any CPU
		{4494B694-3173-4A36-AE85-1D97A319D92E}.Release|Any CPU.ActiveCfg = Release|Any CPU
		{4494B694-3173-4A36-AE85-1D97A319D92E}.Release|Any CPU.Build.0 = Release|Any CPU
		{C6C0118E-D0FA-4430-883E-A3A34B81E093}.Debug|Any CPU.ActiveCfg = Debug|Any CPU
		{C6C0118E-D0FA-4430-883E-A3A34B81E093}.Debug|Any CPU.Build.0 = Debug|Any CPU
		{C6C0118E-D0FA-4430-883E-A3A34B81E093}.Release|Any CPU.ActiveCfg = Release|Any CPU
		{C6C0118E-D0FA-4430-883E-A3A34B81E093}.Release|Any CPU.Build.0 = Release|Any CPU
		{26CEE71A-A2CB-4ED3-9D4C-E26149A6FEC1}.Debug|Any CPU.ActiveCfg = Debug|Any CPU
		{26CEE71A-A2CB-4ED3-9D4C-E26149A6FEC1}.Debug|Any CPU.Build.0 = Debug|Any CPU
		{26CEE71A-A2CB-4ED3-9D4C-E26149A6FEC1}.Release|Any CPU.ActiveCfg = Release|Any CPU
		{26CEE71A-A2CB-4ED3-9D4C-E26149A6FEC1}.Release|Any CPU.Build.0 = Release|Any CPU
		{D57F7F71-93B3-4663-B233-AAEEE629B358}.Debug|Any CPU.ActiveCfg = Debug|Any CPU
		{D57F7F71-93B3-4663-B233-AAEEE629B358}.Debug|Any CPU.Build.0 = Debug|Any CPU
		{D57F7F71-93B3-4663-B233-AAEEE629B358}.Release|Any CPU.ActiveCfg = Release|Any CPU
		{D57F7F71-93B3-4663-B233-AAEEE629B358}.Release|Any CPU.Build.0 = Release|Any CPU
		{75ED0ED3-0053-4E14-BE63-8BDAC5EAEF73}.Debug|Any CPU.ActiveCfg = Debug|Any CPU
		{75ED0ED3-0053-4E14-BE63-8BDAC5EAEF73}.Debug|Any CPU.Build.0 = Debug|Any CPU
		{75ED0ED3-0053-4E14-BE63-8BDAC5EAEF73}.Release|Any CPU.ActiveCfg = Release|Any CPU
		{75ED0ED3-0053-4E14-BE63-8BDAC5EAEF73}.Release|Any CPU.Build.0 = Release|Any CPU
		{1347EDE8-6D51-4295-9044-17736C81F662}.Debug|Any CPU.ActiveCfg = Debug|Any CPU
		{1347EDE8-6D51-4295-9044-17736C81F662}.Debug|Any CPU.Build.0 = Debug|Any CPU
		{1347EDE8-6D51-4295-9044-17736C81F662}.Release|Any CPU.ActiveCfg = Release|Any CPU
		{1347EDE8-6D51-4295-9044-17736C81F662}.Release|Any CPU.Build.0 = Release|Any CPU
		{980836B5-01EF-4578-8351-450FC37B0549}.Debug|Any CPU.ActiveCfg = Debug|Any CPU
		{980836B5-01EF-4578-8351-450FC37B0549}.Debug|Any CPU.Build.0 = Debug|Any CPU
		{980836B5-01EF-4578-8351-450FC37B0549}.Release|Any CPU.ActiveCfg = Release|Any CPU
		{980836B5-01EF-4578-8351-450FC37B0549}.Release|Any CPU.Build.0 = Release|Any CPU
		{6B830737-4F3E-4777-9F84-5F3E74A7FEB6}.Debug|Any CPU.ActiveCfg = Debug|Any CPU
		{6B830737-4F3E-4777-9F84-5F3E74A7FEB6}.Debug|Any CPU.Build.0 = Debug|Any CPU
		{6B830737-4F3E-4777-9F84-5F3E74A7FEB6}.Release|Any CPU.ActiveCfg = Release|Any CPU
		{6B830737-4F3E-4777-9F84-5F3E74A7FEB6}.Release|Any CPU.Build.0 = Release|Any CPU
		{15278764-F1D0-470B-BF81-FCF6B24459F8}.Debug|Any CPU.ActiveCfg = Debug|Any CPU
		{15278764-F1D0-470B-BF81-FCF6B24459F8}.Debug|Any CPU.Build.0 = Debug|Any CPU
		{15278764-F1D0-470B-BF81-FCF6B24459F8}.Release|Any CPU.ActiveCfg = Release|Any CPU
		{15278764-F1D0-470B-BF81-FCF6B24459F8}.Release|Any CPU.Build.0 = Release|Any CPU
	EndGlobalSection
	GlobalSection(SolutionProperties) = preSolution
		HideSolutionNode = FALSE
	EndGlobalSection
	GlobalSection(NestedProjects) = preSolution
		{DF03E74A-0504-4BAB-9177-EC78423386FF} = {443EE884-7BE0-4ABC-B908-E795AC1D6D57}
		{4494B694-3173-4A36-AE85-1D97A319D92E} = {FE4635FE-84C9-4F4D-B6C9-572321FE0E44}
		{C6C0118E-D0FA-4430-883E-A3A34B81E093} = {FE4635FE-84C9-4F4D-B6C9-572321FE0E44}
		{26CEE71A-A2CB-4ED3-9D4C-E26149A6FEC1} = {29EC6B5E-2C97-474F-B2FD-AC9F838D357F}
		{D57F7F71-93B3-4663-B233-AAEEE629B358} = {90BAD033-AA60-49D4-9D78-3C2EAD5A98A9}
		{75ED0ED3-0053-4E14-BE63-8BDAC5EAEF73} = {B2DAD353-E379-4B4E-A92B-FCD3FDBC995D}
		{1347EDE8-6D51-4295-9044-17736C81F662} = {B2DAD353-E379-4B4E-A92B-FCD3FDBC995D}
		{980836B5-01EF-4578-8351-450FC37B0549} = {C106A6E6-0F58-4D52-8CC7-738F619923AF}
		{6B830737-4F3E-4777-9F84-5F3E74A7FEB6} = {B2DAD353-E379-4B4E-A92B-FCD3FDBC995D}
		{15278764-F1D0-470B-BF81-FCF6B24459F8} = {C8636B50-7432-4EEB-9629-991010EA5E30}
	EndGlobalSection
	GlobalSection(ExtensibilityGlobals) = postSolution
		SolutionGuid = {B411DF32-11A2-4DD4-9B44-9A34AB237A6F}
	EndGlobalSection
EndGlobal
